
Microsoft Visual Studio Solution File, Format Version 12.00
# Visual Studio Version 17
VisualStudioVersion = 17.3.32929.385
MinimumVisualStudioVersion = 10.0.40219.1
Project("{FAE04EC0-301F-11D3-BF4B-00C04F79EFBC}") = "kret", "kret\kret.csproj", "{37F344D4-2AD7-440C-8674-02A89C038EBB}"
EndProject
Project("{FAE04EC0-301F-11D3-BF4B-00C04F79EFBC}") = "Host", "Host\Host.csproj", "{558FBDCF-9400-4F56-B767-A94B9AC5242B}"
EndProject
Project("{FAE04EC0-301F-11D3-BF4B-00C04F79EFBC}") = "Client", "Client\Client.csproj", "{1A0F31C6-2EC2-4243-B9D7-2DAC7FFCEA70}"
EndProject
Global
	GlobalSection(SolutionConfigurationPlatforms) = preSolution
		Debug|Any CPU = Debug|Any CPU
		Release|Any CPU = Release|Any CPU
	EndGlobalSection
	GlobalSection(ProjectConfigurationPlatforms) = postSolution
		{37F344D4-2AD7-440C-8674-02A89C038EBB}.Debug|Any CPU.ActiveCfg = Debug|Any CPU
		{37F344D4-2AD7-440C-8674-02A89C038EBB}.Debug|Any CPU.Build.0 = Debug|Any CPU
		{37F344D4-2AD7-440C-8674-02A89C038EBB}.Release|Any CPU.ActiveCfg = Release|Any CPU
		{37F344D4-2AD7-440C-8674-02A89C038EBB}.Release|Any CPU.Build.0 = Release|Any CPU
		{558FBDCF-9400-4F56-B767-A94B9AC5242B}.Debug|Any CPU.ActiveCfg = Debug|Any CPU
		{558FBDCF-9400-4F56-B767-A94B9AC5242B}.Debug|Any CPU.Build.0 = Debug|Any CPU
		{558FBDCF-9400-4F56-B767-A94B9AC5242B}.Release|Any CPU.ActiveCfg = Release|Any CPU
		{558FBDCF-9400-4F56-B767-A94B9AC5242B}.Release|Any CPU.Build.0 = Release|Any CPU
		{1A0F31C6-2EC2-4243-B9D7-2DAC7FFCEA70}.Debug|Any CPU.ActiveCfg = Debug|Any CPU
		{1A0F31C6-2EC2-4243-B9D7-2DAC7FFCEA70}.Debug|Any CPU.Build.0 = Debug|Any CPU
		{1A0F31C6-2EC2-4243-B9D7-2DAC7FFCEA70}.Release|Any CPU.ActiveCfg = Release|Any CPU
		{1A0F31C6-2EC2-4243-B9D7-2DAC7FFCEA70}.Release|Any CPU.Build.0 = Release|Any CPU
	EndGlobalSection
	GlobalSection(SolutionProperties) = preSolution
		HideSolutionNode = FALSE
	EndGlobalSection
	GlobalSection(ExtensibilityGlobals) = postSolution
		SolutionGuid = {204A15D0-3CB0-453E-ABFB-99491F0D0307}
	EndGlobalSection
EndGlobal
